
Microsoft Visual Studio Solution File, Format Version 12.00
# Visual Studio Version 16
VisualStudioVersion = 16.0.31624.102
MinimumVisualStudioVersion = 10.0.40219.1
Project("{9A19103F-16F7-4668-BE54-9A1E7A4F7556}") = "ConsoleUI", "ConsoleUI.csproj", "{A19186FC-EC8F-4DBC-8DF7-EFC44F6C36B2}"
EndProject
Project("{FAE04EC0-301F-11D3-BF4B-00C04F79EFBC}") = "ConsoleUITest", "..\ConsoleUITest\ConsoleUITest.csproj", "{69762E6C-05CE-4A27-9084-59721529B29E}"
EndProject
Global
	GlobalSection(SolutionConfigurationPlatforms) = preSolution
		Debug|Any CPU = Debug|Any CPU
		Release|Any CPU = Release|Any CPU
	EndGlobalSection
	GlobalSection(ProjectConfigurationPlatforms) = postSolution
		{A19186FC-EC8F-4DBC-8DF7-EFC44F6C36B2}.Debug|Any CPU.ActiveCfg = Debug|Any CPU
		{A19186FC-EC8F-4DBC-8DF7-EFC44F6C36B2}.Debug|Any CPU.Build.0 = Debug|Any CPU
		{A19186FC-EC8F-4DBC-8DF7-EFC44F6C36B2}.Release|Any CPU.ActiveCfg = Release|Any CPU
		{A19186FC-EC8F-4DBC-8DF7-EFC44F6C36B2}.Release|Any CPU.Build.0 = Release|Any CPU
		{69762E6C-05CE-4A27-9084-59721529B29E}.Debug|Any CPU.ActiveCfg = Debug|Any CPU
		{69762E6C-05CE-4A27-9084-59721529B29E}.Debug|Any CPU.Build.0 = Debug|Any CPU
		{69762E6C-05CE-4A27-9084-59721529B29E}.Release|Any CPU.ActiveCfg = Release|Any CPU
		{69762E6C-05CE-4A27-9084-59721529B29E}.Release|Any CPU.Build.0 = Release|Any CPU
	EndGlobalSection
	GlobalSection(SolutionProperties) = preSolution
		HideSolutionNode = FALSE
	EndGlobalSection
	GlobalSection(ExtensibilityGlobals) = postSolution
		SolutionGuid = {FFB75348-61E7-460F-BACC-C14FA0485201}
	EndGlobalSection
EndGlobal
